
Microsoft Visual Studio Solution File, Format Version 12.00
# Visual Studio 15
VisualStudioVersion = 15.0.27428.2037
MinimumVisualStudioVersion = 10.0.40219.1
Project("{FAE04EC0-301F-11D3-BF4B-00C04F79EFBC}") = "BibliotecaRosangela.Domain", "BibliotecaRosangela.Domain\BibliotecaRosangela.Domain.csproj", "{8D40898A-BC01-4057-8949-52764D63EE61}"
EndProject
Project("{2150E333-8FDC-42A3-9474-1A3956D46DE8}") = "1 - Presentation Layer", "1 - Presentation Layer", "{B7C96E4B-29F1-4704-8C2F-DB5690173187}"
EndProject
Project("{2150E333-8FDC-42A3-9474-1A3956D46DE8}") = "2 - Distributed Services Layer", "2 - Distributed Services Layer", "{2690FCE5-7EF6-462D-A3E8-2870D3BC2E27}"
EndProject
Project("{2150E333-8FDC-42A3-9474-1A3956D46DE8}") = "3 - Application Layer", "3 - Application Layer", "{7C67AF8C-2398-4D3E-831F-15E12B14699B}"
EndProject
Project("{2150E333-8FDC-42A3-9474-1A3956D46DE8}") = "4 - Domain", "4 - Domain", "{EC631AD1-24A2-4FD7-8944-B7D1845B9921}"
EndProject
Project("{2150E333-8FDC-42A3-9474-1A3956D46DE8}") = "5 - Infrastructure Layer", "5 - Infrastructure Layer", "{702F07A6-383C-4966-9FD6-823B9E321EE6}"
EndProject
Project("{2150E333-8FDC-42A3-9474-1A3956D46DE8}") = "Tests", "Tests", "{828F2379-6789-4F11-B756-ED4A9FF248CF}"
EndProject
Project("{FAE04EC0-301F-11D3-BF4B-00C04F79EFBC}") = "BibliotecaRosangela.Application", "BibliotecaRosangela.Application\BibliotecaRosangela.Application.csproj", "{7908C53B-22FC-45A8-8A25-626B656769A7}"
EndProject
Project("{FAE04EC0-301F-11D3-BF4B-00C04F79EFBC}") = "BibliotecaRosangela.Infra", "BibliotecaRosangela.Infra\BibliotecaRosangela.Infra.csproj", "{A43A4943-E702-41A0-B912-2DF9578A6952}"
EndProject
Project("{FAE04EC0-301F-11D3-BF4B-00C04F79EFBC}") = "BibliotecaRosangela.Infra.Data", "BibliotecaRosangela.Infra.Data\BibliotecaRosangela.Infra.Data.csproj", "{4A367C50-EC38-43D5-A200-41C7C6DD2C71}"
EndProject
Project("{FAE04EC0-301F-11D3-BF4B-00C04F79EFBC}") = "BibliotecaRosangela.Domain.Tests", "BibliotecaRosangela.Domain.Test\BibliotecaRosangela.Domain.Tests.csproj", "{AA20B8FD-5413-4C11-AC12-26C909568FF8}"
EndProject
Project("{FAE04EC0-301F-11D3-BF4B-00C04F79EFBC}") = "BibliotecaRosangela.Common.Tests", "BibliotecaRosangela.Common.Tests\BibliotecaRosangela.Common.Tests.csproj", "{879F82A2-148A-4618-BDD5-59500736AA43}"
EndProject
Project("{FAE04EC0-301F-11D3-BF4B-00C04F79EFBC}") = "BibliotecaRosangela.Application.Tests", "BibliotecaRosangela.Application.Tests\BibliotecaRosangela.Application.Tests.csproj", "{A0BAA911-B729-4281-9D13-0E698DB6BD4A}"
EndProject
Project("{FAE04EC0-301F-11D3-BF4B-00C04F79EFBC}") = "BibliotecaRosangela.Infra.Data.Tests", "BibliotecaRosangela.Infra.Data.Tests\BibliotecaRosangela.Infra.Data.Tests.csproj", "{FDD1F8D2-7D09-401B-807F-E2EEE5D83680}"
EndProject
Project("{FAE04EC0-301F-11D3-BF4B-00C04F79EFBC}") = "BibliotecaRosangela.Integration.Tests", "BibliotecaRosangela.Integration.Tests\BibliotecaRosangela.Integration.Tests.csproj", "{D4C58110-F8E1-4250-BA31-3173D6A8DCF1}"
EndProject
Project("{FAE04EC0-301F-11D3-BF4B-00C04F79EFBC}") = "BibliotecaRosangela.Infra.Tests", "BibliotecaRosangela.Infra.Tests\BibliotecaRosangela.Infra.Tests.csproj", "{DAC776EA-F311-46BE-ADBC-96EF53426CBC}"
EndProject
Global
	GlobalSection(SolutionConfigurationPlatforms) = preSolution
		Debug|Any CPU = Debug|Any CPU
		Release|Any CPU = Release|Any CPU
	EndGlobalSection
	GlobalSection(ProjectConfigurationPlatforms) = postSolution
		{8D40898A-BC01-4057-8949-52764D63EE61}.Debug|Any CPU.ActiveCfg = Debug|Any CPU
		{8D40898A-BC01-4057-8949-52764D63EE61}.Debug|Any CPU.Build.0 = Debug|Any CPU
		{8D40898A-BC01-4057-8949-52764D63EE61}.Release|Any CPU.ActiveCfg = Release|Any CPU
		{8D40898A-BC01-4057-8949-52764D63EE61}.Release|Any CPU.Build.0 = Release|Any CPU
		{7908C53B-22FC-45A8-8A25-626B656769A7}.Debug|Any CPU.ActiveCfg = Debug|Any CPU
		{7908C53B-22FC-45A8-8A25-626B656769A7}.Debug|Any CPU.Build.0 = Debug|Any CPU
		{7908C53B-22FC-45A8-8A25-626B656769A7}.Release|Any CPU.ActiveCfg = Release|Any CPU
		{7908C53B-22FC-45A8-8A25-626B656769A7}.Release|Any CPU.Build.0 = Release|Any CPU
		{A43A4943-E702-41A0-B912-2DF9578A6952}.Debug|Any CPU.ActiveCfg = Debug|Any CPU
		{A43A4943-E702-41A0-B912-2DF9578A6952}.Debug|Any CPU.Build.0 = Debug|Any CPU
		{A43A4943-E702-41A0-B912-2DF9578A6952}.Release|Any CPU.ActiveCfg = Release|Any CPU
		{A43A4943-E702-41A0-B912-2DF9578A6952}.Release|Any CPU.Build.0 = Release|Any CPU
		{4A367C50-EC38-43D5-A200-41C7C6DD2C71}.Debug|Any CPU.ActiveCfg = Debug|Any CPU
		{4A367C50-EC38-43D5-A200-41C7C6DD2C71}.Debug|Any CPU.Build.0 = Debug|Any CPU
		{4A367C50-EC38-43D5-A200-41C7C6DD2C71}.Release|Any CPU.ActiveCfg = Release|Any CPU
		{4A367C50-EC38-43D5-A200-41C7C6DD2C71}.Release|Any CPU.Build.0 = Release|Any CPU
		{AA20B8FD-5413-4C11-AC12-26C909568FF8}.Debug|Any CPU.ActiveCfg = Debug|Any CPU
		{AA20B8FD-5413-4C11-AC12-26C909568FF8}.Debug|Any CPU.Build.0 = Debug|Any CPU
		{AA20B8FD-5413-4C11-AC12-26C909568FF8}.Release|Any CPU.ActiveCfg = Release|Any CPU
		{AA20B8FD-5413-4C11-AC12-26C909568FF8}.Release|Any CPU.Build.0 = Release|Any CPU
		{879F82A2-148A-4618-BDD5-59500736AA43}.Debug|Any CPU.ActiveCfg = Debug|Any CPU
		{879F82A2-148A-4618-BDD5-59500736AA43}.Debug|Any CPU.Build.0 = Debug|Any CPU
		{879F82A2-148A-4618-BDD5-59500736AA43}.Release|Any CPU.ActiveCfg = Release|Any CPU
		{879F82A2-148A-4618-BDD5-59500736AA43}.Release|Any CPU.Build.0 = Release|Any CPU
		{A0BAA911-B729-4281-9D13-0E698DB6BD4A}.Debug|Any CPU.ActiveCfg = Debug|Any CPU
		{A0BAA911-B729-4281-9D13-0E698DB6BD4A}.Debug|Any CPU.Build.0 = Debug|Any CPU
		{A0BAA911-B729-4281-9D13-0E698DB6BD4A}.Release|Any CPU.ActiveCfg = Release|Any CPU
		{A0BAA911-B729-4281-9D13-0E698DB6BD4A}.Release|Any CPU.Build.0 = Release|Any CPU
		{FDD1F8D2-7D09-401B-807F-E2EEE5D83680}.Debug|Any CPU.ActiveCfg = Debug|Any CPU
		{FDD1F8D2-7D09-401B-807F-E2EEE5D83680}.Debug|Any CPU.Build.0 = Debug|Any CPU
		{FDD1F8D2-7D09-401B-807F-E2EEE5D83680}.Release|Any CPU.ActiveCfg = Release|Any CPU
		{FDD1F8D2-7D09-401B-807F-E2EEE5D83680}.Release|Any CPU.Build.0 = Release|Any CPU
		{D4C58110-F8E1-4250-BA31-3173D6A8DCF1}.Debug|Any CPU.ActiveCfg = Debug|Any CPU
		{D4C58110-F8E1-4250-BA31-3173D6A8DCF1}.Debug|Any CPU.Build.0 = Debug|Any CPU
		{D4C58110-F8E1-4250-BA31-3173D6A8DCF1}.Release|Any CPU.ActiveCfg = Release|Any CPU
		{D4C58110-F8E1-4250-BA31-3173D6A8DCF1}.Release|Any CPU.Build.0 = Release|Any CPU
		{DAC776EA-F311-46BE-ADBC-96EF53426CBC}.Debug|Any CPU.ActiveCfg = Debug|Any CPU
		{DAC776EA-F311-46BE-ADBC-96EF53426CBC}.Debug|Any CPU.Build.0 = Debug|Any CPU
		{DAC776EA-F311-46BE-ADBC-96EF53426CBC}.Release|Any CPU.ActiveCfg = Release|Any CPU
		{DAC776EA-F311-46BE-ADBC-96EF53426CBC}.Release|Any CPU.Build.0 = Release|Any CPU
	EndGlobalSection
	GlobalSection(SolutionProperties) = preSolution
		HideSolutionNode = FALSE
	EndGlobalSection
	GlobalSection(NestedProjects) = preSolution
		{8D40898A-BC01-4057-8949-52764D63EE61} = {EC631AD1-24A2-4FD7-8944-B7D1845B9921}
		{7908C53B-22FC-45A8-8A25-626B656769A7} = {7C67AF8C-2398-4D3E-831F-15E12B14699B}
		{A43A4943-E702-41A0-B912-2DF9578A6952} = {702F07A6-383C-4966-9FD6-823B9E321EE6}
		{4A367C50-EC38-43D5-A200-41C7C6DD2C71} = {702F07A6-383C-4966-9FD6-823B9E321EE6}
		{AA20B8FD-5413-4C11-AC12-26C909568FF8} = {828F2379-6789-4F11-B756-ED4A9FF248CF}
		{879F82A2-148A-4618-BDD5-59500736AA43} = {828F2379-6789-4F11-B756-ED4A9FF248CF}
		{A0BAA911-B729-4281-9D13-0E698DB6BD4A} = {828F2379-6789-4F11-B756-ED4A9FF248CF}
		{FDD1F8D2-7D09-401B-807F-E2EEE5D83680} = {828F2379-6789-4F11-B756-ED4A9FF248CF}
		{D4C58110-F8E1-4250-BA31-3173D6A8DCF1} = {828F2379-6789-4F11-B756-ED4A9FF248CF}
		{DAC776EA-F311-46BE-ADBC-96EF53426CBC} = {828F2379-6789-4F11-B756-ED4A9FF248CF}
	EndGlobalSection
	GlobalSection(ExtensibilityGlobals) = postSolution
		SolutionGuid = {31108E52-E0AF-44F1-AFE5-3171B10FFF74}
	EndGlobalSection
EndGlobal
