
Microsoft Visual Studio Solution File, Format Version 12.00
# Visual Studio 15
VisualStudioVersion = 15.0.27428.2037
MinimumVisualStudioVersion = 10.0.40219.1
Project("{FAE04EC0-301F-11D3-BF4B-00C04F79EFBC}") = "Prova4ORM.Domain", "Prova2ORM.Domain\Prova4ORM.Domain.csproj", "{67E50A12-6527-46ED-A40E-956B3B717F90}"
EndProject
Project("{2150E333-8FDC-42A3-9474-1A3956D46DE8}") = "1 - Presentation Layer", "1 - Presentation Layer", "{866CCABD-1FE8-4823-88DD-BE60D568638F}"
EndProject
Project("{2150E333-8FDC-42A3-9474-1A3956D46DE8}") = "2 - Distributed Services Layer", "2 - Distributed Services Layer", "{CD6D23F8-B122-48F0-B5E8-9225B1F34216}"
EndProject
Project("{2150E333-8FDC-42A3-9474-1A3956D46DE8}") = "3 - Application Layer", "3 - Application Layer", "{6DEC55D6-4771-4C67-BFEE-6E2C322CCB4B}"
EndProject
Project("{2150E333-8FDC-42A3-9474-1A3956D46DE8}") = "4 - Domain", "4 - Domain", "{6106ED5F-C5E7-47D4-BAB0-EC342AA19C88}"
EndProject
Project("{2150E333-8FDC-42A3-9474-1A3956D46DE8}") = "5 - Infrastructure Layer", "5 - Infrastructure Layer", "{528E5837-14AD-49E0-868B-128F73E3A4F2}"
EndProject
Project("{2150E333-8FDC-42A3-9474-1A3956D46DE8}") = "Tests", "Tests", "{8C9C739F-73A0-417A-86A4-FC9E772D3C02}"
EndProject
Project("{FAE04EC0-301F-11D3-BF4B-00C04F79EFBC}") = "Prova4ORM.Application", "Prova2ORM.Aplicacao\Prova4ORM.Application.csproj", "{10F8C4EC-E7FF-46BB-824B-4D6AE4E4E5FF}"
EndProject
Project("{FAE04EC0-301F-11D3-BF4B-00C04F79EFBC}") = "Prova4ORM.Infra", "Prova4ORM.Infra\Prova4ORM.Infra.csproj", "{CA4CB3FA-BA18-49CE-967B-ADF66C19F7EA}"
EndProject
Project("{FAE04EC0-301F-11D3-BF4B-00C04F79EFBC}") = "Prova4ORM.Infra.Data", "Prova4ORM.Infra.Data\Prova4ORM.Infra.Data.csproj", "{8724C5A3-1F53-45B2-8340-2C011CE96D69}"
EndProject
Project("{FAE04EC0-301F-11D3-BF4B-00C04F79EFBC}") = "Prova4ORM.Application.Tests", "Prova4ORM.Application.Tests\Prova4ORM.Application.Tests.csproj", "{095ABF53-AE00-4187-95F8-F05536C66F67}"
EndProject
Project("{FAE04EC0-301F-11D3-BF4B-00C04F79EFBC}") = "Prova4ORM.Domain.Tests", "Prova4ORM.Domain.Tests\Prova4ORM.Domain.Tests.csproj", "{73378E00-DB4D-4D30-A3FC-7723FECA1B1C}"
EndProject
Project("{FAE04EC0-301F-11D3-BF4B-00C04F79EFBC}") = "Prova4ORM.Infra.Data.Tests", "Prova4ORM.Infra.Data.Tests\Prova4ORM.Infra.Data.Tests.csproj", "{ACFB4FF3-5784-473D-8693-5177E1B4520D}"
EndProject
Project("{FAE04EC0-301F-11D3-BF4B-00C04F79EFBC}") = "Prova4ORM.Integration.Tests", "Prova4ORM.Integration.Tests\Prova4ORM.Integration.Tests.csproj", "{4F53493E-BA98-426C-ACF7-88531B50617F}"
EndProject
Project("{FAE04EC0-301F-11D3-BF4B-00C04F79EFBC}") = "Prova4ORM.Common.Tests", "Prova4ORM.Common.Tests\Prova4ORM.Common.Tests.csproj", "{F550D80D-2BA6-4F97-AF13-1F2C3231DBD7}"
EndProject
Global
	GlobalSection(SolutionConfigurationPlatforms) = preSolution
		Debug|Any CPU = Debug|Any CPU
		Release|Any CPU = Release|Any CPU
	EndGlobalSection
	GlobalSection(ProjectConfigurationPlatforms) = postSolution
		{67E50A12-6527-46ED-A40E-956B3B717F90}.Debug|Any CPU.ActiveCfg = Debug|Any CPU
		{67E50A12-6527-46ED-A40E-956B3B717F90}.Debug|Any CPU.Build.0 = Debug|Any CPU
		{67E50A12-6527-46ED-A40E-956B3B717F90}.Release|Any CPU.ActiveCfg = Release|Any CPU
		{67E50A12-6527-46ED-A40E-956B3B717F90}.Release|Any CPU.Build.0 = Release|Any CPU
		{10F8C4EC-E7FF-46BB-824B-4D6AE4E4E5FF}.Debug|Any CPU.ActiveCfg = Debug|Any CPU
		{10F8C4EC-E7FF-46BB-824B-4D6AE4E4E5FF}.Debug|Any CPU.Build.0 = Debug|Any CPU
		{10F8C4EC-E7FF-46BB-824B-4D6AE4E4E5FF}.Release|Any CPU.ActiveCfg = Release|Any CPU
		{10F8C4EC-E7FF-46BB-824B-4D6AE4E4E5FF}.Release|Any CPU.Build.0 = Release|Any CPU
		{CA4CB3FA-BA18-49CE-967B-ADF66C19F7EA}.Debug|Any CPU.ActiveCfg = Debug|Any CPU
		{CA4CB3FA-BA18-49CE-967B-ADF66C19F7EA}.Debug|Any CPU.Build.0 = Debug|Any CPU
		{CA4CB3FA-BA18-49CE-967B-ADF66C19F7EA}.Release|Any CPU.ActiveCfg = Release|Any CPU
		{CA4CB3FA-BA18-49CE-967B-ADF66C19F7EA}.Release|Any CPU.Build.0 = Release|Any CPU
		{8724C5A3-1F53-45B2-8340-2C011CE96D69}.Debug|Any CPU.ActiveCfg = Debug|Any CPU
		{8724C5A3-1F53-45B2-8340-2C011CE96D69}.Debug|Any CPU.Build.0 = Debug|Any CPU
		{8724C5A3-1F53-45B2-8340-2C011CE96D69}.Release|Any CPU.ActiveCfg = Release|Any CPU
		{8724C5A3-1F53-45B2-8340-2C011CE96D69}.Release|Any CPU.Build.0 = Release|Any CPU
		{095ABF53-AE00-4187-95F8-F05536C66F67}.Debug|Any CPU.ActiveCfg = Debug|Any CPU
		{095ABF53-AE00-4187-95F8-F05536C66F67}.Debug|Any CPU.Build.0 = Debug|Any CPU
		{095ABF53-AE00-4187-95F8-F05536C66F67}.Release|Any CPU.ActiveCfg = Release|Any CPU
		{095ABF53-AE00-4187-95F8-F05536C66F67}.Release|Any CPU.Build.0 = Release|Any CPU
		{73378E00-DB4D-4D30-A3FC-7723FECA1B1C}.Debug|Any CPU.ActiveCfg = Debug|Any CPU
		{73378E00-DB4D-4D30-A3FC-7723FECA1B1C}.Debug|Any CPU.Build.0 = Debug|Any CPU
		{73378E00-DB4D-4D30-A3FC-7723FECA1B1C}.Release|Any CPU.ActiveCfg = Release|Any CPU
		{73378E00-DB4D-4D30-A3FC-7723FECA1B1C}.Release|Any CPU.Build.0 = Release|Any CPU
		{ACFB4FF3-5784-473D-8693-5177E1B4520D}.Debug|Any CPU.ActiveCfg = Debug|Any CPU
		{ACFB4FF3-5784-473D-8693-5177E1B4520D}.Debug|Any CPU.Build.0 = Debug|Any CPU
		{ACFB4FF3-5784-473D-8693-5177E1B4520D}.Release|Any CPU.ActiveCfg = Release|Any CPU
		{ACFB4FF3-5784-473D-8693-5177E1B4520D}.Release|Any CPU.Build.0 = Release|Any CPU
		{4F53493E-BA98-426C-ACF7-88531B50617F}.Debug|Any CPU.ActiveCfg = Debug|Any CPU
		{4F53493E-BA98-426C-ACF7-88531B50617F}.Debug|Any CPU.Build.0 = Debug|Any CPU
		{4F53493E-BA98-426C-ACF7-88531B50617F}.Release|Any CPU.ActiveCfg = Release|Any CPU
		{4F53493E-BA98-426C-ACF7-88531B50617F}.Release|Any CPU.Build.0 = Release|Any CPU
		{F550D80D-2BA6-4F97-AF13-1F2C3231DBD7}.Debug|Any CPU.ActiveCfg = Debug|Any CPU
		{F550D80D-2BA6-4F97-AF13-1F2C3231DBD7}.Debug|Any CPU.Build.0 = Debug|Any CPU
		{F550D80D-2BA6-4F97-AF13-1F2C3231DBD7}.Release|Any CPU.ActiveCfg = Release|Any CPU
		{F550D80D-2BA6-4F97-AF13-1F2C3231DBD7}.Release|Any CPU.Build.0 = Release|Any CPU
	EndGlobalSection
	GlobalSection(SolutionProperties) = preSolution
		HideSolutionNode = FALSE
	EndGlobalSection
	GlobalSection(NestedProjects) = preSolution
		{67E50A12-6527-46ED-A40E-956B3B717F90} = {6106ED5F-C5E7-47D4-BAB0-EC342AA19C88}
		{10F8C4EC-E7FF-46BB-824B-4D6AE4E4E5FF} = {6DEC55D6-4771-4C67-BFEE-6E2C322CCB4B}
		{CA4CB3FA-BA18-49CE-967B-ADF66C19F7EA} = {528E5837-14AD-49E0-868B-128F73E3A4F2}
		{8724C5A3-1F53-45B2-8340-2C011CE96D69} = {528E5837-14AD-49E0-868B-128F73E3A4F2}
		{095ABF53-AE00-4187-95F8-F05536C66F67} = {8C9C739F-73A0-417A-86A4-FC9E772D3C02}
		{73378E00-DB4D-4D30-A3FC-7723FECA1B1C} = {8C9C739F-73A0-417A-86A4-FC9E772D3C02}
		{ACFB4FF3-5784-473D-8693-5177E1B4520D} = {8C9C739F-73A0-417A-86A4-FC9E772D3C02}
		{4F53493E-BA98-426C-ACF7-88531B50617F} = {8C9C739F-73A0-417A-86A4-FC9E772D3C02}
		{F550D80D-2BA6-4F97-AF13-1F2C3231DBD7} = {8C9C739F-73A0-417A-86A4-FC9E772D3C02}
	EndGlobalSection
	GlobalSection(ExtensibilityGlobals) = postSolution
		SolutionGuid = {E19190E8-8C57-416A-935D-528D05F99685}
	EndGlobalSection
EndGlobal
